// !$*UTF8*$!
{
	archiveVersion = 1;
	classes = {
	};
	objectVersion = 70;
	objects = {

/* Begin PBXBuildFile section */
		43903A56CB4DBCCC43F593D3 /* RxCocoa in Frameworks */ = {isa = PBXBuildFile; productRef = C8C0A72435E80B40CDE1E341 /* RxCocoa */; };
		A0EF7FDC7088D090209205AE /* Pods_GenderList.framework in Frameworks */ = {isa = PBXBuildFile; fileRef = D32AC6CA104B652FD3E72A9A /* Pods_GenderList.framework */; };
		B8A2D7312E032C2B8294B1BF /* RxSwift in Frameworks */ = {isa = PBXBuildFile; productRef = 322FD345FFD8C8305A53777D /* RxSwift */; };
		CCAF7B10773D89854231241A /* ReactorKit in Frameworks */ = {isa = PBXBuildFile; productRef = 667F40375CC1D6DFD10D8678 /* ReactorKit */; };
		D463D4752A419E4C00E37898 /* Assets.xcassets in Resources */ = {isa = PBXBuildFile; fileRef = D463D4742A419E4C00E37898 /* Assets.xcassets */; };
		D463D4782A419E4C00E37898 /* LaunchScreen.storyboard in Resources */ = {isa = PBXBuildFile; fileRef = D463D4762A419E4C00E37898 /* LaunchScreen.storyboard */; };
/* End PBXBuildFile section */

/* Begin PBXFileReference section */
		452EB8A8D971E7BD7183B125 /* Pods-GenderList.debug.xcconfig */ = {isa = PBXFileReference; includeInIndex = 1; lastKnownFileType = text.xcconfig; name = "Pods-GenderList.debug.xcconfig"; path = "Target Support Files/Pods-GenderList/Pods-GenderList.debug.xcconfig"; sourceTree = "<group>"; };
		CF03917F3E07BA67B3825C05 /* Pods-GenderList.release.xcconfig */ = {isa = PBXFileReference; includeInIndex = 1; lastKnownFileType = text.xcconfig; name = "Pods-GenderList.release.xcconfig"; path = "Target Support Files/Pods-GenderList/Pods-GenderList.release.xcconfig"; sourceTree = "<group>"; };
		D32AC6CA104B652FD3E72A9A /* Pods_GenderList.framework */ = {isa = PBXFileReference; explicitFileType = wrapper.framework; includeInIndex = 0; path = Pods_GenderList.framework; sourceTree = BUILT_PRODUCTS_DIR; };
		D463D4682A419E4B00E37898 /* GenderList.app */ = {isa = PBXFileReference; explicitFileType = wrapper.application; includeInIndex = 0; path = GenderList.app; sourceTree = BUILT_PRODUCTS_DIR; };
		D463D4742A419E4C00E37898 /* Assets.xcassets */ = {isa = PBXFileReference; lastKnownFileType = folder.assetcatalog; path = Assets.xcassets; sourceTree = "<group>"; };
		D463D4772A419E4C00E37898 /* Base */ = {isa = PBXFileReference; lastKnownFileType = file.storyboard; name = Base; path = Base.lproj/LaunchScreen.storyboard; sourceTree = "<group>"; };
		D463D4792A419E4C00E37898 /* Info.plist */ = {isa = PBXFileReference; lastKnownFileType = text.plist.xml; path = Info.plist; sourceTree = "<group>"; };
/* End PBXFileReference section */

/* Begin PBXFileSystemSynchronizedRootGroup section */
		D4990A4B2FC844F5009F4E84 /* Application */ = {isa = PBXFileSystemSynchronizedRootGroup; explicitFileTypes = {}; explicitFolders = (); path = Application; sourceTree = "<group>"; };
		D4990A6E2FC8450E009F4E84 /* Presentation */ = {isa = PBXFileSystemSynchronizedRootGroup; explicitFileTypes = {}; explicitFolders = (); path = Presentation; sourceTree = "<group>"; };
		D4990A872FC84513009F4E84 /* Domain */ = {isa = PBXFileSystemSynchronizedRootGroup; explicitFileTypes = {}; explicitFolders = (); path = Domain; sourceTree = "<group>"; };
		D4990A902FC84515009F4E84 /* Data */ = {isa = PBXFileSystemSynchronizedRootGroup; explicitFileTypes = {}; explicitFolders = (); path = Data; sourceTree = "<group>"; };
		D4990A962FC8451A009F4E84 /* Infrastructure */ = {isa = PBXFileSystemSynchronizedRootGroup; explicitFileTypes = {}; explicitFolders = (); path = Infrastructure; sourceTree = "<group>"; };
/* End PBXFileSystemSynchronizedRootGroup section */

/* Begin PBXFrameworksBuildPhase section */
		D463D4652A419E4B00E37898 /* Frameworks */ = {
			isa = PBXFrameworksBuildPhase;
			buildActionMask = 2147483647;
			files = (
				A0EF7FDC7088D090209205AE /* Pods_GenderList.framework in Frameworks */,
				CCAF7B10773D89854231241A /* ReactorKit in Frameworks */,
				B8A2D7312E032C2B8294B1BF /* RxSwift in Frameworks */,
				43903A56CB4DBCCC43F593D3 /* RxCocoa in Frameworks */,
			);
			runOnlyForDeploymentPostprocessing = 0;
		};
/* End PBXFrameworksBuildPhase section */

/* Begin PBXGroup section */
		8A6A71B79F4EC25E9C547810 /* Frameworks */ = {
			isa = PBXGroup;
			children = (
				D32AC6CA104B652FD3E72A9A /* Pods_GenderList.framework */,
			);
			name = Frameworks;
			sourceTree = "<group>";
		};
		944B0BEDCF8FDE9E511A0618 /* Pods */ = {
			isa = PBXGroup;
			children = (
				452EB8A8D971E7BD7183B125 /* Pods-GenderList.debug.xcconfig */,
				CF03917F3E07BA67B3825C05 /* Pods-GenderList.release.xcconfig */,
			);
			path = Pods;
			sourceTree = "<group>";
		};
		D463D45F2A419E4B00E37898 = {
			isa = PBXGroup;
			children = (
				D463D46A2A419E4B00E37898 /* GenderList */,
				D463D4692A419E4B00E37898 /* Products */,
				944B0BEDCF8FDE9E511A0618 /* Pods */,
				8A6A71B79F4EC25E9C547810 /* Frameworks */,
			);
			sourceTree = "<group>";
		};
		D463D4692A419E4B00E37898 /* Products */ = {
			isa = PBXGroup;
			children = (
				D463D4682A419E4B00E37898 /* GenderList.app */,
			);
			name = Products;
			sourceTree = "<group>";
		};
		D463D46A2A419E4B00E37898 /* GenderList */ = {
			isa = PBXGroup;
			children = (
				D4990A4B2FC844F5009F4E84 /* Application */,
				D4990A6E2FC8450E009F4E84 /* Presentation */,
				D4990A872FC84513009F4E84 /* Domain */,
				D4990A902FC84515009F4E84 /* Data */,
				D4990A962FC8451A009F4E84 /* Infrastructure */,
				D463D4742A419E4C00E37898 /* Assets.xcassets */,
				D463D4762A419E4C00E37898 /* LaunchScreen.storyboard */,
				D463D4792A419E4C00E37898 /* Info.plist */,
			);
			path = GenderList;
			sourceTree = "<group>";
		};
/* End PBXGroup section */

/* Begin PBXNativeTarget section */
		D463D4672A419E4B00E37898 /* GenderList */ = {
			isa = PBXNativeTarget;
			buildConfigurationList = D463D47C2A419E4C00E37898 /* Build configuration list for PBXNativeTarget "GenderList" */;
			buildPhases = (
				84D919033D6CE62475CF011E /* [CP] Check Pods Manifest.lock */,
				D463D4642A419E4B00E37898 /* Sources */,
				D463D4652A419E4B00E37898 /* Frameworks */,
				D463D4662A419E4B00E37898 /* Resources */,
				4F7637DC6C551E8E7AD1EAF1 /* [CP] Embed Pods Frameworks */,
			);
			buildRules = (
			);
			dependencies = (
			);
			fileSystemSynchronizedGroups = (
				D4990A4B2FC844F5009F4E84 /* Application */,
				D4990A6E2FC8450E009F4E84 /* Presentation */,
				D4990A872FC84513009F4E84 /* Domain */,
				D4990A902FC84515009F4E84 /* Data */,
				D4990A962FC8451A009F4E84 /* Infrastructure */,
			);
			name = GenderList;
			packageProductDependencies = (
				667F40375CC1D6DFD10D8678 /* ReactorKit */,
				322FD345FFD8C8305A53777D /* RxSwift */,
				C8C0A72435E80B40CDE1E341 /* RxCocoa */,
			);
			productName = Bunjang;
			productReference = D463D4682A419E4B00E37898 /* GenderList.app */;
			productType = "com.apple.product-type.application";
		};
/* End PBXNativeTarget section */

/* Begin PBXProject section */
		D463D4602A419E4B00E37898 /* Project object */ = {
			isa = PBXProject;
			attributes = {
				BuildIndependentTargetsInParallel = 1;
				LastSwiftUpdateCheck = 1430;
				LastUpgradeCheck = 1430;
				TargetAttributes = {
					D463D4672A419E4B00E37898 = {
						CreatedOnToolsVersion = 14.3;
					};
				};
			};
			buildConfigurationList = D463D4632A419E4B00E37898 /* Build configuration list for PBXProject "GenderList" */;
			compatibilityVersion = "Xcode 13.0";
			developmentRegion = en;
			hasScannedForEncodings = 0;
			knownRegions = (
				en,
				Base,
			);
			mainGroup = D463D45F2A419E4B00E37898;
			packageReferences = (
				B357DC92C45B2C485B39FED5 /* XCRemoteSwiftPackageReference "ReactorKit" */,
				23BCFE6412104C743681BC0E /* XCRemoteSwiftPackageReference "RxSwift" */,
			);
			productRefGroup = D463D4692A419E4B00E37898 /* Products */;
			projectDirPath = "";
			projectRoot = "";
			targets = (
				D463D4672A419E4B00E37898 /* GenderList */,
			);
		};
/* End PBXProject section */

/* Begin PBXResourcesBuildPhase section */
		D463D4662A419E4B00E37898 /* Resources */ = {
			isa = PBXResourcesBuildPhase;
			buildActionMask = 2147483647;
			files = (
				D463D4782A419E4C00E37898 /* LaunchScreen.storyboard in Resources */,
				D463D4752A419E4C00E37898 /* Assets.xcassets in Resources */,
			);
			runOnlyForDeploymentPostprocessing = 0;
		};
/* End PBXResourcesBuildPhase section */

/* Begin PBXShellScriptBuildPhase section */
		4F7637DC6C551E8E7AD1EAF1 /* [CP] Embed Pods Frameworks */ = {
			isa = PBXShellScriptBuildPhase;
			buildActionMask = 2147483647;
			files = (
			);
			inputFileListPaths = (
				"${PODS_ROOT}/Target Support Files/Pods-GenderList/Pods-GenderList-frameworks-${CONFIGURATION}-input-files.xcfilelist",
			);
			inputPaths = (
			);
			name = "[CP] Embed Pods Frameworks";
			outputFileListPaths = (
				"${PODS_ROOT}/Target Support Files/Pods-GenderList/Pods-GenderList-frameworks-${CONFIGURATION}-output-files.xcfilelist",
			);
			outputPaths = (
			);
			runOnlyForDeploymentPostprocessing = 0;
			shellPath = /bin/sh;
			shellScript = "\"${PODS_ROOT}/Target Support Files/Pods-GenderList/Pods-GenderList-frameworks.sh\"\n";
			showEnvVarsInLog = 0;
		};
		84D919033D6CE62475CF011E /* [CP] Check Pods Manifest.lock */ = {
			isa = PBXShellScriptBuildPhase;
			buildActionMask = 2147483647;
			files = (
			);
			inputFileListPaths = (
			);
			inputPaths = (
				"${PODS_PODFILE_DIR_PATH}/Podfile.lock",
				"${PODS_ROOT}/Manifest.lock",
			);
			name = "[CP] Check Pods Manifest.lock";
			outputFileListPaths = (
			);
			outputPaths = (
				"$(DERIVED_FILE_DIR)/Pods-GenderList-checkManifestLockResult.txt",
			);
			runOnlyForDeploymentPostprocessing = 0;
			shellPath = /bin/sh;
			shellScript = "diff \"${PODS_PODFILE_DIR_PATH}/Podfile.lock\" \"${PODS_ROOT}/Manifest.lock\" > /dev/null\nif [ $? != 0 ] ; then\n    # print error to STDERR\n    echo \"error: The sandbox is not in sync with the Podfile.lock. Run 'pod install' or update your CocoaPods installation.\" >&2\n    exit 1\nfi\n# This output is used by Xcode 'outputs' to avoid re-running this script phase.\necho \"SUCCESS\" > \"${SCRIPT_OUTPUT_FILE_0}\"\n";
			showEnvVarsInLog = 0;
		};
/* End PBXShellScriptBuildPhase section */

/* Begin PBXSourcesBuildPhase section */
		D463D4642A419E4B00E37898 /* Sources */ = {
			isa = PBXSourcesBuildPhase;
			buildActionMask = 2147483647;
			files = (
			);
			runOnlyForDeploymentPostprocessing = 0;
		};
/* End PBXSourcesBuildPhase section */

/* Begin PBXVariantGroup section */
		D463D4762A419E4C00E37898 /* LaunchScreen.storyboard */ = {
			isa = PBXVariantGroup;
			children = (
				D463D4772A419E4C00E37898 /* Base */,
			);
			name = LaunchScreen.storyboard;
			sourceTree = "<group>";
		};
/* End PBXVariantGroup section */

/* Begin XCBuildConfiguration section */
		D463D47A2A419E4C00E37898 /* Debug */ = {
			isa = XCBuildConfiguration;
			buildSettings = {
				ALWAYS_SEARCH_USER_PATHS = NO;
				CLANG_ANALYZER_NONNULL = YES;
				CLANG_ANALYZER_NUMBER_OBJECT_CONVERSION = YES_AGGRESSIVE;
				CLANG_CXX_LANGUAGE_STANDARD = "gnu++20";
				CLANG_ENABLE_MODULES = YES;
				CLANG_ENABLE_OBJC_ARC = YES;
				CLANG_ENABLE_OBJC_WEAK = YES;
				CLANG_WARN_BLOCK_CAPTURE_AUTORELEASING = YES;
				CLANG_WARN_BOOL_CONVERSION = YES;
				CLANG_WARN_COMMA = YES;
				CLANG_WARN_CONSTANT_CONVERSION = YES;
				CLANG_WARN_DEPRECATED_OBJC_IMPLEMENTATIONS = YES;
				CLANG_WARN_DIRECT_OBJC_ISA_USAGE = YES_ERROR;
				CLANG_WARN_DOCUMENTATION_COMMENTS = YES;
				CLANG_WARN_EMPTY_BODY = YES;
				CLANG_WARN_ENUM_CONVERSION = YES;
				CLANG_WARN_INFINITE_RECURSION = YES;
				CLANG_WARN_INT_CONVERSION = YES;
				CLANG_WARN_NON_LITERAL_NULL_CONVERSION = YES;
				CLANG_WARN_OBJC_IMPLICIT_RETAIN_SELF = YES;
				CLANG_WARN_OBJC_LITERAL_CONVERSION = YES;
				CLANG_WARN_OBJC_ROOT_CLASS = YES_ERROR;
				CLANG_WARN_QUOTED_INCLUDE_IN_FRAMEWORK_HEADER = YES;
				CLANG_WARN_RANGE_LOOP_ANALYSIS = YES;
				CLANG_WARN_STRICT_PROTOTYPES = YES;
				CLANG_WARN_SUSPICIOUS_MOVE = YES;
				CLANG_WARN_UNGUARDED_AVAILABILITY = YES_AGGRESSIVE;
				CLANG_WARN_UNREACHABLE_CODE = YES;
				CLANG_WARN__DUPLICATE_METHOD_MATCH = YES;
				COPY_PHASE_STRIP = NO;
				DEBUG_INFORMATION_FORMAT = dwarf;
				ENABLE_STRICT_OBJC_MSGSEND = YES;
				ENABLE_TESTABILITY = YES;
				GCC_C_LANGUAGE_STANDARD = gnu11;
				GCC_DYNAMIC_NO_PIC = NO;
				GCC_NO_COMMON_BLOCKS = YES;
				GCC_OPTIMIZATION_LEVEL = 0;
				GCC_PREPROCESSOR_DEFINITIONS = (
					"DEBUG=1",
					"$(inherited)",
				);
				GCC_WARN_64_TO_32_BIT_CONVERSION = YES;
				GCC_WARN_ABOUT_RETURN_TYPE = YES_ERROR;
				GCC_WARN_UNDECLARED_SELECTOR = YES;
				GCC_WARN_UNINITIALIZED_AUTOS = YES_AGGRESSIVE;
				GCC_WARN_UNUSED_FUNCTION = YES;
				GCC_WARN_UNUSED_VARIABLE = YES;
				IPHONEOS_DEPLOYMENT_TARGET = 13.0;
				MTL_ENABLE_DEBUG_INFO = INCLUDE_SOURCE;
				MTL_FAST_MATH = YES;
				ONLY_ACTIVE_ARCH = YES;
				SDKROOT = iphoneos;
				SWIFT_ACTIVE_COMPILATION_CONDITIONS = DEBUG;
				SWIFT_OPTIMIZATION_LEVEL = "-Onone";
			};
			name = Debug;
		};
		D463D47B2A419E4C00E37898 /* Release */ = {
			isa = XCBuildConfiguration;
			buildSettings = {
				ALWAYS_SEARCH_USER_PATHS = NO;
				CLANG_ANALYZER_NONNULL = YES;
				CLANG_ANALYZER_NUMBER_OBJECT_CONVERSION = YES_AGGRESSIVE;
				CLANG_CXX_LANGUAGE_STANDARD = "gnu++20";
				CLANG_ENABLE_MODULES = YES;
				CLANG_ENABLE_OBJC_ARC = YES;
				CLANG_ENABLE_OBJC_WEAK = YES;
				CLANG_WARN_BLOCK_CAPTURE_AUTORELEASING = YES;
				CLANG_WARN_BOOL_CONVERSION = YES;
				CLANG_WARN_COMMA = YES;
				CLANG_WARN_CONSTANT_CONVERSION = YES;
				CLANG_WARN_DEPRECATED_OBJC_IMPLEMENTATIONS = YES;
				CLANG_WARN_DIRECT_OBJC_ISA_USAGE = YES_ERROR;
				CLANG_WARN_DOCUMENTATION_COMMENTS = YES;
				CLANG_WARN_EMPTY_BODY = YES;
				CLANG_WARN_ENUM_CONVERSION = YES;
				CLANG_WARN_INFINITE_RECURSION = YES;
				CLANG_WARN_INT_CONVERSION = YES;
				CLANG_WARN_NON_LITERAL_NULL_CONVERSION = YES;
				CLANG_WARN_OBJC_IMPLICIT_RETAIN_SELF = YES;
				CLANG_WARN_OBJC_LITERAL_CONVERSION = YES;
				CLANG_WARN_OBJC_ROOT_CLASS = YES_ERROR;
				CLANG_WARN_QUOTED_INCLUDE_IN_FRAMEWORK_HEADER = YES;
				CLANG_WARN_RANGE_LOOP_ANALYSIS = YES;
				CLANG_WARN_STRICT_PROTOTYPES = YES;
				CLANG_WARN_SUSPICIOUS_MOVE = YES;
				CLANG_WARN_UNGUARDED_AVAILABILITY = YES_AGGRESSIVE;
				CLANG_WARN_UNREACHABLE_CODE = YES;
				CLANG_WARN__DUPLICATE_METHOD_MATCH = YES;
				COPY_PHASE_STRIP = NO;
				DEBUG_INFORMATION_FORMAT = "dwarf-with-dsym";
				ENABLE_NS_ASSERTIONS = NO;
				ENABLE_STRICT_OBJC_MSGSEND = YES;
				GCC_C_LANGUAGE_STANDARD = gnu11;
				GCC_NO_COMMON_BLOCKS = YES;
				GCC_WARN_64_TO_32_BIT_CONVERSION = YES;
				GCC_WARN_ABOUT_RETURN_TYPE = YES_ERROR;
				GCC_WARN_UNDECLARED_SELECTOR = YES;
				GCC_WARN_UNINITIALIZED_AUTOS = YES_AGGRESSIVE;
				GCC_WARN_UNUSED_FUNCTION = YES;
				GCC_WARN_UNUSED_VARIABLE = YES;
				IPHONEOS_DEPLOYMENT_TARGET = 13.0;
				MTL_ENABLE_DEBUG_INFO = NO;
				MTL_FAST_MATH = YES;
				SDKROOT = iphoneos;
				SWIFT_COMPILATION_MODE = wholemodule;
				SWIFT_OPTIMIZATION_LEVEL = "-O";
				VALIDATE_PRODUCT = YES;
			};
			name = Release;
		};
		D463D47D2A419E4C00E37898 /* Debug */ = {
			isa = XCBuildConfiguration;
			baseConfigurationReference = 452EB8A8D971E7BD7183B125 /* Pods-GenderList.debug.xcconfig */;
			buildSettings = {
				ASSETCATALOG_COMPILER_APPICON_NAME = AppIcon;
				ASSETCATALOG_COMPILER_GLOBAL_ACCENT_COLOR_NAME = AccentColor;
				CODE_SIGN_STYLE = Automatic;
				CURRENT_PROJECT_VERSION = 1;
				DEVELOPMENT_TEAM = 4MNTP64Q22;
				GENERATE_INFOPLIST_FILE = YES;
				INFOPLIST_FILE = GenderList/Info.plist;
				INFOPLIST_KEY_UIApplicationSupportsIndirectInputEvents = YES;
				INFOPLIST_KEY_UILaunchStoryboardName = LaunchScreen;
				INFOPLIST_KEY_UISupportedInterfaceOrientations_iPad = "UIInterfaceOrientationPortrait UIInterfaceOrientationPortraitUpsideDown UIInterfaceOrientationLandscapeLeft UIInterfaceOrientationLandscapeRight";
				INFOPLIST_KEY_UISupportedInterfaceOrientations_iPhone = "UIInterfaceOrientationPortrait UIInterfaceOrientationLandscapeLeft UIInterfaceOrientationLandscapeRight";
				IPHONEOS_DEPLOYMENT_TARGET = 14.0;
				LD_RUNPATH_SEARCH_PATHS = (
					"$(inherited)",
					"@executable_path/Frameworks",
				);
				MARKETING_VERSION = 1.0;
				PRODUCT_BUNDLE_IDENTIFIER = ronick.GenderList;
				PRODUCT_NAME = "$(TARGET_NAME)";
				SWIFT_EMIT_LOC_STRINGS = YES;
				SWIFT_VERSION = 5.0;
				TARGETED_DEVICE_FAMILY = "1,2";
			};
			name = Debug;
		};
		D463D47E2A419E4C00E37898 /* Release */ = {
			isa = XCBuildConfiguration;
			baseConfigurationReference = CF03917F3E07BA67B3825C05 /* Pods-GenderList.release.xcconfig */;
			buildSettings = {
				ASSETCATALOG_COMPILER_APPICON_NAME = AppIcon;
				ASSETCATALOG_COMPILER_GLOBAL_ACCENT_COLOR_NAME = AccentColor;
				CODE_SIGN_STYLE = Automatic;
				CURRENT_PROJECT_VERSION = 1;
				DEVELOPMENT_TEAM = 4MNTP64Q22;
				GENERATE_INFOPLIST_FILE = YES;
				INFOPLIST_FILE = GenderList/Info.plist;
				INFOPLIST_KEY_UIApplicationSupportsIndirectInputEvents = YES;
				INFOPLIST_KEY_UILaunchStoryboardName = LaunchScreen;
				INFOPLIST_KEY_UISupportedInterfaceOrientations_iPad = "UIInterfaceOrientationPortrait UIInterfaceOrientationPortraitUpsideDown UIInterfaceOrientationLandscapeLeft UIInterfaceOrientationLandscapeRight";
				INFOPLIST_KEY_UISupportedInterfaceOrientations_iPhone = "UIInterfaceOrientationPortrait UIInterfaceOrientationLandscapeLeft UIInterfaceOrientationLandscapeRight";
				IPHONEOS_DEPLOYMENT_TARGET = 14.0;
				LD_RUNPATH_SEARCH_PATHS = (
					"$(inherited)",
					"@executable_path/Frameworks",
				);
				MARKETING_VERSION = 1.0;
				PRODUCT_BUNDLE_IDENTIFIER = ronick.GenderList;
				PRODUCT_NAME = "$(TARGET_NAME)";
				SWIFT_EMIT_LOC_STRINGS = YES;
				SWIFT_VERSION = 5.0;
				TARGETED_DEVICE_FAMILY = "1,2";
			};
			name = Release;
		};
/* End XCBuildConfiguration section */

/* Begin XCConfigurationList section */
		D463D4632A419E4B00E37898 /* Build configuration list for PBXProject "GenderList" */ = {
			isa = XCConfigurationList;
			buildConfigurations = (
				D463D47A2A419E4C00E37898 /* Debug */,
				D463D47B2A419E4C00E37898 /* Release */,
			);
			defaultConfigurationIsVisible = 0;
			defaultConfigurationName = Release;
		};
		D463D47C2A419E4C00E37898 /* Build configuration list for PBXNativeTarget "GenderList" */ = {
			isa = XCConfigurationList;
			buildConfigurations = (
				D463D47D2A419E4C00E37898 /* Debug */,
				D463D47E2A419E4C00E37898 /* Release */,
			);
			defaultConfigurationIsVisible = 0;
			defaultConfigurationName = Release;
		};
/* End XCConfigurationList section */

/* Begin XCRemoteSwiftPackageReference section */
		23BCFE6412104C743681BC0E /* XCRemoteSwiftPackageReference "RxSwift" */ = {
			isa = XCRemoteSwiftPackageReference;
			repositoryURL = "https://github.com/ReactiveX/RxSwift";
			requirement = {
				kind = upToNextMajorVersion;
				minimumVersion = 6.5.0;
			};
		};
		B357DC92C45B2C485B39FED5 /* XCRemoteSwiftPackageReference "ReactorKit" */ = {
			isa = XCRemoteSwiftPackageReference;
			repositoryURL = "https://github.com/ReactorKit/ReactorKit";
			requirement = {
				kind = upToNextMajorVersion;
				minimumVersion = 3.2.0;
			};
		};
/* End XCRemoteSwiftPackageReference section */

/* Begin XCSwiftPackageProductDependency section */
		322FD345FFD8C8305A53777D /* RxSwift */ = {
			isa = XCSwiftPackageProductDependency;
			package = 23BCFE6412104C743681BC0E /* XCRemoteSwiftPackageReference "RxSwift" */;
			productName = RxSwift;
		};
		667F40375CC1D6DFD10D8678 /* ReactorKit */ = {
			isa = XCSwiftPackageProductDependency;
			package = B357DC92C45B2C485B39FED5 /* XCRemoteSwiftPackageReference "ReactorKit" */;
			productName = ReactorKit;
		};
		C8C0A72435E80B40CDE1E341 /* RxCocoa */ = {
			isa = XCSwiftPackageProductDependency;
			package = 23BCFE6412104C743681BC0E /* XCRemoteSwiftPackageReference "RxSwift" */;
			productName = RxCocoa;
		};
/* End XCSwiftPackageProductDependency section */
	};
	rootObject = D463D4602A419E4B00E37898 /* Project object */;
}
