// !$*UTF8*$!
{
	archiveVersion = 1;
	classes = {
	};
	objectVersion = 55;
	objects = {

/* Begin PBXBuildFile section */
		38D8301551DA56E55E012A2F /* Pods_Bunjang.framework in Frameworks */ = {isa = PBXBuildFile; fileRef = B062CB3D3363D57E3E774095 /* Pods_Bunjang.framework */; };
		D404F6012A429CA40065E095 /* TabView.swift in Sources */ = {isa = PBXBuildFile; fileRef = D404F6002A429CA40065E095 /* TabView.swift */; };
		D404F6032A429D5B0065E095 /* TabViewCell.swift in Sources */ = {isa = PBXBuildFile; fileRef = D404F6022A429D5B0065E095 /* TabViewCell.swift */; };
		D404F6082A42F65C0065E095 /* TabListView.swift in Sources */ = {isa = PBXBuildFile; fileRef = D404F6072A42F65C0065E095 /* TabListView.swift */; };
		D404F60A2A42FAF70065E095 /* ListPageView.swift in Sources */ = {isa = PBXBuildFile; fileRef = D404F6092A42FAF70065E095 /* ListPageView.swift */; };
		D404F6122A4302CC0065E095 /* ListPageViewCell.swift in Sources */ = {isa = PBXBuildFile; fileRef = D404F6112A4302CC0065E095 /* ListPageViewCell.swift */; };
		D404F6152A432C130065E095 /* ListView.swift in Sources */ = {isa = PBXBuildFile; fileRef = D404F6142A432C130065E095 /* ListView.swift */; };
		D404F6172A432C1D0065E095 /* ListViewCell.swift in Sources */ = {isa = PBXBuildFile; fileRef = D404F6162A432C1D0065E095 /* ListViewCell.swift */; };
		D463D46C2A419E4B00E37898 /* AppDelegate.swift in Sources */ = {isa = PBXBuildFile; fileRef = D463D46B2A419E4B00E37898 /* AppDelegate.swift */; };
		D463D46E2A419E4B00E37898 /* SceneDelegate.swift in Sources */ = {isa = PBXBuildFile; fileRef = D463D46D2A419E4B00E37898 /* SceneDelegate.swift */; };
		D463D4702A419E4B00E37898 /* ViewController.swift in Sources */ = {isa = PBXBuildFile; fileRef = D463D46F2A419E4B00E37898 /* ViewController.swift */; };
		D463D4752A419E4C00E37898 /* Assets.xcassets in Resources */ = {isa = PBXBuildFile; fileRef = D463D4742A419E4C00E37898 /* Assets.xcassets */; };
		D463D4782A419E4C00E37898 /* LaunchScreen.storyboard in Resources */ = {isa = PBXBuildFile; fileRef = D463D4762A419E4C00E37898 /* LaunchScreen.storyboard */; };
		D4DEA80D2A448396006FB3DF /* Bindable.swift in Sources */ = {isa = PBXBuildFile; fileRef = D4DEA80C2A448396006FB3DF /* Bindable.swift */; };
		D4DEA80F2A4483AC006FB3DF /* ViewModelType.swift in Sources */ = {isa = PBXBuildFile; fileRef = D4DEA80E2A4483AC006FB3DF /* ViewModelType.swift */; };
		D4DEA8122A4485D1006FB3DF /* UICollectionView+Extension.swift in Sources */ = {isa = PBXBuildFile; fileRef = D4DEA8112A4485D1006FB3DF /* UICollectionView+Extension.swift */; };
		D4DEA8142A44933D006FB3DF /* ListPageViewModel.swift in Sources */ = {isa = PBXBuildFile; fileRef = D4DEA8132A44933D006FB3DF /* ListPageViewModel.swift */; };
		D4DEA8162A456E08006FB3DF /* TabViewModel.swift in Sources */ = {isa = PBXBuildFile; fileRef = D4DEA8152A456E08006FB3DF /* TabViewModel.swift */; };
		D4DEA8182A45AFD2006FB3DF /* TabListViewModel.swift in Sources */ = {isa = PBXBuildFile; fileRef = D4DEA8172A45AFD2006FB3DF /* TabListViewModel.swift */; };
		D4DEA81A2A45FB10006FB3DF /* ListPageView+Rx.swift in Sources */ = {isa = PBXBuildFile; fileRef = D4DEA8192A45FB10006FB3DF /* ListPageView+Rx.swift */; };
		D4DEA81C2A46802E006FB3DF /* DetailViewController.swift in Sources */ = {isa = PBXBuildFile; fileRef = D4DEA81B2A46802E006FB3DF /* DetailViewController.swift */; };
		D4DEA81E2A46BD37006FB3DF /* ColumnStyle.swift in Sources */ = {isa = PBXBuildFile; fileRef = D4DEA81D2A46BD37006FB3DF /* ColumnStyle.swift */; };
/* End PBXBuildFile section */

/* Begin PBXFileReference section */
		2478FB750B117ADCE77B7F61 /* Pods-Bunjang.debug.xcconfig */ = {isa = PBXFileReference; includeInIndex = 1; lastKnownFileType = text.xcconfig; name = "Pods-Bunjang.debug.xcconfig"; path = "Target Support Files/Pods-Bunjang/Pods-Bunjang.debug.xcconfig"; sourceTree = "<group>"; };
		B062CB3D3363D57E3E774095 /* Pods_Bunjang.framework */ = {isa = PBXFileReference; explicitFileType = wrapper.framework; includeInIndex = 0; path = Pods_Bunjang.framework; sourceTree = BUILT_PRODUCTS_DIR; };
		D404F6002A429CA40065E095 /* TabView.swift */ = {isa = PBXFileReference; lastKnownFileType = sourcecode.swift; path = TabView.swift; sourceTree = "<group>"; };
		D404F6022A429D5B0065E095 /* TabViewCell.swift */ = {isa = PBXFileReference; lastKnownFileType = sourcecode.swift; path = TabViewCell.swift; sourceTree = "<group>"; };
		D404F6072A42F65C0065E095 /* TabListView.swift */ = {isa = PBXFileReference; lastKnownFileType = sourcecode.swift; path = TabListView.swift; sourceTree = "<group>"; };
		D404F6092A42FAF70065E095 /* ListPageView.swift */ = {isa = PBXFileReference; lastKnownFileType = sourcecode.swift; path = ListPageView.swift; sourceTree = "<group>"; };
		D404F6112A4302CC0065E095 /* ListPageViewCell.swift */ = {isa = PBXFileReference; lastKnownFileType = sourcecode.swift; path = ListPageViewCell.swift; sourceTree = "<group>"; };
		D404F6142A432C130065E095 /* ListView.swift */ = {isa = PBXFileReference; lastKnownFileType = sourcecode.swift; path = ListView.swift; sourceTree = "<group>"; };
		D404F6162A432C1D0065E095 /* ListViewCell.swift */ = {isa = PBXFileReference; lastKnownFileType = sourcecode.swift; path = ListViewCell.swift; sourceTree = "<group>"; };
		D463D4682A419E4B00E37898 /* Bunjang.app */ = {isa = PBXFileReference; explicitFileType = wrapper.application; includeInIndex = 0; path = Bunjang.app; sourceTree = BUILT_PRODUCTS_DIR; };
		D463D46B2A419E4B00E37898 /* AppDelegate.swift */ = {isa = PBXFileReference; lastKnownFileType = sourcecode.swift; path = AppDelegate.swift; sourceTree = "<group>"; };
		D463D46D2A419E4B00E37898 /* SceneDelegate.swift */ = {isa = PBXFileReference; lastKnownFileType = sourcecode.swift; path = SceneDelegate.swift; sourceTree = "<group>"; };
		D463D46F2A419E4B00E37898 /* ViewController.swift */ = {isa = PBXFileReference; lastKnownFileType = sourcecode.swift; path = ViewController.swift; sourceTree = "<group>"; };
		D463D4742A419E4C00E37898 /* Assets.xcassets */ = {isa = PBXFileReference; lastKnownFileType = folder.assetcatalog; path = Assets.xcassets; sourceTree = "<group>"; };
		D463D4772A419E4C00E37898 /* Base */ = {isa = PBXFileReference; lastKnownFileType = file.storyboard; name = Base; path = Base.lproj/LaunchScreen.storyboard; sourceTree = "<group>"; };
		D463D4792A419E4C00E37898 /* Info.plist */ = {isa = PBXFileReference; lastKnownFileType = text.plist.xml; path = Info.plist; sourceTree = "<group>"; };
		D4DEA80C2A448396006FB3DF /* Bindable.swift */ = {isa = PBXFileReference; lastKnownFileType = sourcecode.swift; path = Bindable.swift; sourceTree = "<group>"; };
		D4DEA80E2A4483AC006FB3DF /* ViewModelType.swift */ = {isa = PBXFileReference; lastKnownFileType = sourcecode.swift; path = ViewModelType.swift; sourceTree = "<group>"; };
		D4DEA8112A4485D1006FB3DF /* UICollectionView+Extension.swift */ = {isa = PBXFileReference; lastKnownFileType = sourcecode.swift; path = "UICollectionView+Extension.swift"; sourceTree = "<group>"; };
		D4DEA8132A44933D006FB3DF /* ListPageViewModel.swift */ = {isa = PBXFileReference; lastKnownFileType = sourcecode.swift; path = ListPageViewModel.swift; sourceTree = "<group>"; };
		D4DEA8152A456E08006FB3DF /* TabViewModel.swift */ = {isa = PBXFileReference; lastKnownFileType = sourcecode.swift; path = TabViewModel.swift; sourceTree = "<group>"; };
		D4DEA8172A45AFD2006FB3DF /* TabListViewModel.swift */ = {isa = PBXFileReference; lastKnownFileType = sourcecode.swift; path = TabListViewModel.swift; sourceTree = "<group>"; };
		D4DEA8192A45FB10006FB3DF /* ListPageView+Rx.swift */ = {isa = PBXFileReference; lastKnownFileType = sourcecode.swift; path = "ListPageView+Rx.swift"; sourceTree = "<group>"; };
		D4DEA81B2A46802E006FB3DF /* DetailViewController.swift */ = {isa = PBXFileReference; lastKnownFileType = sourcecode.swift; path = DetailViewController.swift; sourceTree = "<group>"; };
		D4DEA81D2A46BD37006FB3DF /* ColumnStyle.swift */ = {isa = PBXFileReference; lastKnownFileType = sourcecode.swift; path = ColumnStyle.swift; sourceTree = "<group>"; };
		EBEE1FCA5068951E473C2627 /* Pods-Bunjang.release.xcconfig */ = {isa = PBXFileReference; includeInIndex = 1; lastKnownFileType = text.xcconfig; name = "Pods-Bunjang.release.xcconfig"; path = "Target Support Files/Pods-Bunjang/Pods-Bunjang.release.xcconfig"; sourceTree = "<group>"; };
/* End PBXFileReference section */

/* Begin PBXFrameworksBuildPhase section */
		D463D4652A419E4B00E37898 /* Frameworks */ = {
			isa = PBXFrameworksBuildPhase;
			buildActionMask = 2147483647;
			files = (
				38D8301551DA56E55E012A2F /* Pods_Bunjang.framework in Frameworks */,
			);
			runOnlyForDeploymentPostprocessing = 0;
		};
/* End PBXFrameworksBuildPhase section */

/* Begin PBXGroup section */
		8A6A71B79F4EC25E9C547810 /* Frameworks */ = {
			isa = PBXGroup;
			children = (
				B062CB3D3363D57E3E774095 /* Pods_Bunjang.framework */,
			);
			name = Frameworks;
			sourceTree = "<group>";
		};
		944B0BEDCF8FDE9E511A0618 /* Pods */ = {
			isa = PBXGroup;
			children = (
				2478FB750B117ADCE77B7F61 /* Pods-Bunjang.debug.xcconfig */,
				EBEE1FCA5068951E473C2627 /* Pods-Bunjang.release.xcconfig */,
			);
			path = Pods;
			sourceTree = "<group>";
		};
		D404F5FB2A429BAD0065E095 /* ViewModels */ = {
			isa = PBXGroup;
			children = (
				D4DEA8172A45AFD2006FB3DF /* TabListViewModel.swift */,
				D4DEA8132A44933D006FB3DF /* ListPageViewModel.swift */,
				D4DEA8152A456E08006FB3DF /* TabViewModel.swift */,
			);
			path = ViewModels;
			sourceTree = "<group>";
		};
		D404F5FC2A429BB30065E095 /* Data */ = {
			isa = PBXGroup;
			children = (
				D404F5FD2A429BBF0065E095 /* Repositories */,
			);
			path = Data;
			sourceTree = "<group>";
		};
		D404F5FD2A429BBF0065E095 /* Repositories */ = {
			isa = PBXGroup;
			children = (
			);
			path = Repositories;
			sourceTree = "<group>";
		};
		D404F5FE2A429BC80065E095 /* Infrastructure */ = {
			isa = PBXGroup;
			children = (
				D404F5FF2A429BCD0065E095 /* Networks */,
			);
			path = Infrastructure;
			sourceTree = "<group>";
		};
		D404F5FF2A429BCD0065E095 /* Networks */ = {
			isa = PBXGroup;
			children = (
			);
			path = Networks;
			sourceTree = "<group>";
		};
		D404F6042A42F63B0065E095 /* Tab */ = {
			isa = PBXGroup;
			children = (
				D404F6002A429CA40065E095 /* TabView.swift */,
				D404F6022A429D5B0065E095 /* TabViewCell.swift */,
			);
			path = Tab;
			sourceTree = "<group>";
		};
		D404F6052A42F6480065E095 /* List */ = {
			isa = PBXGroup;
			children = (
				D404F6072A42F65C0065E095 /* TabListView.swift */,
				D404F6092A42FAF70065E095 /* ListPageView.swift */,
				D404F6112A4302CC0065E095 /* ListPageViewCell.swift */,
				D404F6142A432C130065E095 /* ListView.swift */,
				D404F6162A432C1D0065E095 /* ListViewCell.swift */,
				D4DEA81B2A46802E006FB3DF /* DetailViewController.swift */,
			);
			path = List;
			sourceTree = "<group>";
		};
		D404F60C2A4301440065E095 /* ListScene */ = {
			isa = PBXGroup;
			children = (
				D404F5FB2A429BAD0065E095 /* ViewModels */,
				D463D4842A41A95D00E37898 /* Views */,
			);
			path = ListScene;
			sourceTree = "<group>";
		};
		D404F60D2A43015F0065E095 /* Utils */ = {
			isa = PBXGroup;
			children = (
				D4DEA8102A4485AC006FB3DF /* Extensions */,
				D4DEA81D2A46BD37006FB3DF /* ColumnStyle.swift */,
			);
			path = Utils;
			sourceTree = "<group>";
		};
		D463D45F2A419E4B00E37898 = {
			isa = PBXGroup;
			children = (
				D463D46A2A419E4B00E37898 /* Bunjang */,
				D463D4692A419E4B00E37898 /* Products */,
				944B0BEDCF8FDE9E511A0618 /* Pods */,
				8A6A71B79F4EC25E9C547810 /* Frameworks */,
			);
			sourceTree = "<group>";
		};
		D463D4692A419E4B00E37898 /* Products */ = {
			isa = PBXGroup;
			children = (
				D463D4682A419E4B00E37898 /* Bunjang.app */,
			);
			name = Products;
			sourceTree = "<group>";
		};
		D463D46A2A419E4B00E37898 /* Bunjang */ = {
			isa = PBXGroup;
			children = (
				D463D47F2A41A29F00E37898 /* Application */,
				D463D4802A41A91F00E37898 /* Presentation */,
				D463D49B2A4296A700E37898 /* Domain */,
				D404F5FC2A429BB30065E095 /* Data */,
				D404F5FE2A429BC80065E095 /* Infrastructure */,
				D463D4742A419E4C00E37898 /* Assets.xcassets */,
				D463D4762A419E4C00E37898 /* LaunchScreen.storyboard */,
				D463D4792A419E4C00E37898 /* Info.plist */,
			);
			path = Bunjang;
			sourceTree = "<group>";
		};
		D463D47F2A41A29F00E37898 /* Application */ = {
			isa = PBXGroup;
			children = (
				D463D46B2A419E4B00E37898 /* AppDelegate.swift */,
				D463D46D2A419E4B00E37898 /* SceneDelegate.swift */,
			);
			path = Application;
			sourceTree = "<group>";
		};
		D463D4802A41A91F00E37898 /* Presentation */ = {
			isa = PBXGroup;
			children = (
				D463D48C2A41B7B500E37898 /* Protocols */,
				D404F60C2A4301440065E095 /* ListScene */,
				D404F60D2A43015F0065E095 /* Utils */,
			);
			path = Presentation;
			sourceTree = "<group>";
		};
		D463D4842A41A95D00E37898 /* Views */ = {
			isa = PBXGroup;
			children = (
				D404F6052A42F6480065E095 /* List */,
				D404F6042A42F63B0065E095 /* Tab */,
				D463D46F2A419E4B00E37898 /* ViewController.swift */,
			);
			path = Views;
			sourceTree = "<group>";
		};
		D463D48C2A41B7B500E37898 /* Protocols */ = {
			isa = PBXGroup;
			children = (
				D4DEA80C2A448396006FB3DF /* Bindable.swift */,
				D4DEA80E2A4483AC006FB3DF /* ViewModelType.swift */,
			);
			path = Protocols;
			sourceTree = "<group>";
		};
		D463D49B2A4296A700E37898 /* Domain */ = {
			isa = PBXGroup;
			children = (
				D463D49C2A4296AB00E37898 /* Repositories */,
				D463D49D2A4296B500E37898 /* Usecases */,
				D463D49E2A4296BA00E37898 /* Entities */,
			);
			path = Domain;
			sourceTree = "<group>";
		};
		D463D49C2A4296AB00E37898 /* Repositories */ = {
			isa = PBXGroup;
			children = (
			);
			path = Repositories;
			sourceTree = "<group>";
		};
		D463D49D2A4296B500E37898 /* Usecases */ = {
			isa = PBXGroup;
			children = (
			);
			path = Usecases;
			sourceTree = "<group>";
		};
		D463D49E2A4296BA00E37898 /* Entities */ = {
			isa = PBXGroup;
			children = (
			);
			path = Entities;
			sourceTree = "<group>";
		};
		D4DEA8102A4485AC006FB3DF /* Extensions */ = {
			isa = PBXGroup;
			children = (
				D4DEA8112A4485D1006FB3DF /* UICollectionView+Extension.swift */,
				D4DEA8192A45FB10006FB3DF /* ListPageView+Rx.swift */,
			);
			path = Extensions;
			sourceTree = "<group>";
		};
/* End PBXGroup section */

/* Begin PBXNativeTarget section */
		D463D4672A419E4B00E37898 /* Bunjang */ = {
			isa = PBXNativeTarget;
			buildConfigurationList = D463D47C2A419E4C00E37898 /* Build configuration list for PBXNativeTarget "Bunjang" */;
			buildPhases = (
				84D919033D6CE62475CF011E /* [CP] Check Pods Manifest.lock */,
				D463D4642A419E4B00E37898 /* Sources */,
				D463D4652A419E4B00E37898 /* Frameworks */,
				D463D4662A419E4B00E37898 /* Resources */,
				4F7637DC6C551E8E7AD1EAF1 /* [CP] Embed Pods Frameworks */,
			);
			buildRules = (
			);
			dependencies = (
			);
			name = Bunjang;
			productName = Bunjang;
			productReference = D463D4682A419E4B00E37898 /* Bunjang.app */;
			productType = "com.apple.product-type.application";
		};
/* End PBXNativeTarget section */

/* Begin PBXProject section */
		D463D4602A419E4B00E37898 /* Project object */ = {
			isa = PBXProject;
			attributes = {
				BuildIndependentTargetsInParallel = 1;
				LastSwiftUpdateCheck = 1430;
				LastUpgradeCheck = 1430;
				TargetAttributes = {
					D463D4672A419E4B00E37898 = {
						CreatedOnToolsVersion = 14.3;
					};
				};
			};
			buildConfigurationList = D463D4632A419E4B00E37898 /* Build configuration list for PBXProject "Bunjang" */;
			compatibilityVersion = "Xcode 13.0";
			developmentRegion = en;
			hasScannedForEncodings = 0;
			knownRegions = (
				en,
				Base,
			);
			mainGroup = D463D45F2A419E4B00E37898;
			productRefGroup = D463D4692A419E4B00E37898 /* Products */;
			projectDirPath = "";
			projectRoot = "";
			targets = (
				D463D4672A419E4B00E37898 /* Bunjang */,
			);
		};
/* End PBXProject section */

/* Begin PBXResourcesBuildPhase section */
		D463D4662A419E4B00E37898 /* Resources */ = {
			isa = PBXResourcesBuildPhase;
			buildActionMask = 2147483647;
			files = (
				D463D4782A419E4C00E37898 /* LaunchScreen.storyboard in Resources */,
				D463D4752A419E4C00E37898 /* Assets.xcassets in Resources */,
			);
			runOnlyForDeploymentPostprocessing = 0;
		};
/* End PBXResourcesBuildPhase section */

/* Begin PBXShellScriptBuildPhase section */
		4F7637DC6C551E8E7AD1EAF1 /* [CP] Embed Pods Frameworks */ = {
			isa = PBXShellScriptBuildPhase;
			buildActionMask = 2147483647;
			files = (
			);
			inputFileListPaths = (
				"${PODS_ROOT}/Target Support Files/Pods-Bunjang/Pods-Bunjang-frameworks-${CONFIGURATION}-input-files.xcfilelist",
			);
			name = "[CP] Embed Pods Frameworks";
			outputFileListPaths = (
				"${PODS_ROOT}/Target Support Files/Pods-Bunjang/Pods-Bunjang-frameworks-${CONFIGURATION}-output-files.xcfilelist",
			);
			runOnlyForDeploymentPostprocessing = 0;
			shellPath = /bin/sh;
			shellScript = "\"${PODS_ROOT}/Target Support Files/Pods-Bunjang/Pods-Bunjang-frameworks.sh\"\n";
			showEnvVarsInLog = 0;
		};
		84D919033D6CE62475CF011E /* [CP] Check Pods Manifest.lock */ = {
			isa = PBXShellScriptBuildPhase;
			buildActionMask = 2147483647;
			files = (
			);
			inputFileListPaths = (
			);
			inputPaths = (
				"${PODS_PODFILE_DIR_PATH}/Podfile.lock",
				"${PODS_ROOT}/Manifest.lock",
			);
			name = "[CP] Check Pods Manifest.lock";
			outputFileListPaths = (
			);
			outputPaths = (
				"$(DERIVED_FILE_DIR)/Pods-Bunjang-checkManifestLockResult.txt",
			);
			runOnlyForDeploymentPostprocessing = 0;
			shellPath = /bin/sh;
			shellScript = "diff \"${PODS_PODFILE_DIR_PATH}/Podfile.lock\" \"${PODS_ROOT}/Manifest.lock\" > /dev/null\nif [ $? != 0 ] ; then\n    # print error to STDERR\n    echo \"error: The sandbox is not in sync with the Podfile.lock. Run 'pod install' or update your CocoaPods installation.\" >&2\n    exit 1\nfi\n# This output is used by Xcode 'outputs' to avoid re-running this script phase.\necho \"SUCCESS\" > \"${SCRIPT_OUTPUT_FILE_0}\"\n";
			showEnvVarsInLog = 0;
		};
/* End PBXShellScriptBuildPhase section */

/* Begin PBXSourcesBuildPhase section */
		D463D4642A419E4B00E37898 /* Sources */ = {
			isa = PBXSourcesBuildPhase;
			buildActionMask = 2147483647;
			files = (
				D4DEA8182A45AFD2006FB3DF /* TabListViewModel.swift in Sources */,
				D404F6032A429D5B0065E095 /* TabViewCell.swift in Sources */,
				D404F6082A42F65C0065E095 /* TabListView.swift in Sources */,
				D404F6172A432C1D0065E095 /* ListViewCell.swift in Sources */,
				D404F6012A429CA40065E095 /* TabView.swift in Sources */,
				D4DEA8162A456E08006FB3DF /* TabViewModel.swift in Sources */,
				D4DEA80D2A448396006FB3DF /* Bindable.swift in Sources */,
				D4DEA81E2A46BD37006FB3DF /* ColumnStyle.swift in Sources */,
				D463D4702A419E4B00E37898 /* ViewController.swift in Sources */,
				D4DEA8122A4485D1006FB3DF /* UICollectionView+Extension.swift in Sources */,
				D4DEA81C2A46802E006FB3DF /* DetailViewController.swift in Sources */,
				D4DEA8142A44933D006FB3DF /* ListPageViewModel.swift in Sources */,
				D404F6122A4302CC0065E095 /* ListPageViewCell.swift in Sources */,
				D463D46C2A419E4B00E37898 /* AppDelegate.swift in Sources */,
				D4DEA80F2A4483AC006FB3DF /* ViewModelType.swift in Sources */,
				D4DEA81A2A45FB10006FB3DF /* ListPageView+Rx.swift in Sources */,
				D463D46E2A419E4B00E37898 /* SceneDelegate.swift in Sources */,
				D404F60A2A42FAF70065E095 /* ListPageView.swift in Sources */,
				D404F6152A432C130065E095 /* ListView.swift in Sources */,
			);
			runOnlyForDeploymentPostprocessing = 0;
		};
/* End PBXSourcesBuildPhase section */

/* Begin PBXVariantGroup section */
		D463D4762A419E4C00E37898 /* LaunchScreen.storyboard */ = {
			isa = PBXVariantGroup;
			children = (
				D463D4772A419E4C00E37898 /* Base */,
			);
			name = LaunchScreen.storyboard;
			sourceTree = "<group>";
		};
/* End PBXVariantGroup section */

/* Begin XCBuildConfiguration section */
		D463D47A2A419E4C00E37898 /* Debug */ = {
			isa = XCBuildConfiguration;
			buildSettings = {
				ALWAYS_SEARCH_USER_PATHS = NO;
				CLANG_ANALYZER_NONNULL = YES;
				CLANG_ANALYZER_NUMBER_OBJECT_CONVERSION = YES_AGGRESSIVE;
				CLANG_CXX_LANGUAGE_STANDARD = "gnu++20";
				CLANG_ENABLE_MODULES = YES;
				CLANG_ENABLE_OBJC_ARC = YES;
				CLANG_ENABLE_OBJC_WEAK = YES;
				CLANG_WARN_BLOCK_CAPTURE_AUTORELEASING = YES;
				CLANG_WARN_BOOL_CONVERSION = YES;
				CLANG_WARN_COMMA = YES;
				CLANG_WARN_CONSTANT_CONVERSION = YES;
				CLANG_WARN_DEPRECATED_OBJC_IMPLEMENTATIONS = YES;
				CLANG_WARN_DIRECT_OBJC_ISA_USAGE = YES_ERROR;
				CLANG_WARN_DOCUMENTATION_COMMENTS = YES;
				CLANG_WARN_EMPTY_BODY = YES;
				CLANG_WARN_ENUM_CONVERSION = YES;
				CLANG_WARN_INFINITE_RECURSION = YES;
				CLANG_WARN_INT_CONVERSION = YES;
				CLANG_WARN_NON_LITERAL_NULL_CONVERSION = YES;
				CLANG_WARN_OBJC_IMPLICIT_RETAIN_SELF = YES;
				CLANG_WARN_OBJC_LITERAL_CONVERSION = YES;
				CLANG_WARN_OBJC_ROOT_CLASS = YES_ERROR;
				CLANG_WARN_QUOTED_INCLUDE_IN_FRAMEWORK_HEADER = YES;
				CLANG_WARN_RANGE_LOOP_ANALYSIS = YES;
				CLANG_WARN_STRICT_PROTOTYPES = YES;
				CLANG_WARN_SUSPICIOUS_MOVE = YES;
				CLANG_WARN_UNGUARDED_AVAILABILITY = YES_AGGRESSIVE;
				CLANG_WARN_UNREACHABLE_CODE = YES;
				CLANG_WARN__DUPLICATE_METHOD_MATCH = YES;
				COPY_PHASE_STRIP = NO;
				DEBUG_INFORMATION_FORMAT = dwarf;
				ENABLE_STRICT_OBJC_MSGSEND = YES;
				ENABLE_TESTABILITY = YES;
				GCC_C_LANGUAGE_STANDARD = gnu11;
				GCC_DYNAMIC_NO_PIC = NO;
				GCC_NO_COMMON_BLOCKS = YES;
				GCC_OPTIMIZATION_LEVEL = 0;
				GCC_PREPROCESSOR_DEFINITIONS = (
					"DEBUG=1",
					"$(inherited)",
				);
				GCC_WARN_64_TO_32_BIT_CONVERSION = YES;
				GCC_WARN_ABOUT_RETURN_TYPE = YES_ERROR;
				GCC_WARN_UNDECLARED_SELECTOR = YES;
				GCC_WARN_UNINITIALIZED_AUTOS = YES_AGGRESSIVE;
				GCC_WARN_UNUSED_FUNCTION = YES;
				GCC_WARN_UNUSED_VARIABLE = YES;
				IPHONEOS_DEPLOYMENT_TARGET = 16.4;
				MTL_ENABLE_DEBUG_INFO = INCLUDE_SOURCE;
				MTL_FAST_MATH = YES;
				ONLY_ACTIVE_ARCH = YES;
				SDKROOT = iphoneos;
				SWIFT_ACTIVE_COMPILATION_CONDITIONS = DEBUG;
				SWIFT_OPTIMIZATION_LEVEL = "-Onone";
			};
			name = Debug;
		};
		D463D47B2A419E4C00E37898 /* Release */ = {
			isa = XCBuildConfiguration;
			buildSettings = {
				ALWAYS_SEARCH_USER_PATHS = NO;
				CLANG_ANALYZER_NONNULL = YES;
				CLANG_ANALYZER_NUMBER_OBJECT_CONVERSION = YES_AGGRESSIVE;
				CLANG_CXX_LANGUAGE_STANDARD = "gnu++20";
				CLANG_ENABLE_MODULES = YES;
				CLANG_ENABLE_OBJC_ARC = YES;
				CLANG_ENABLE_OBJC_WEAK = YES;
				CLANG_WARN_BLOCK_CAPTURE_AUTORELEASING = YES;
				CLANG_WARN_BOOL_CONVERSION = YES;
				CLANG_WARN_COMMA = YES;
				CLANG_WARN_CONSTANT_CONVERSION = YES;
				CLANG_WARN_DEPRECATED_OBJC_IMPLEMENTATIONS = YES;
				CLANG_WARN_DIRECT_OBJC_ISA_USAGE = YES_ERROR;
				CLANG_WARN_DOCUMENTATION_COMMENTS = YES;
				CLANG_WARN_EMPTY_BODY = YES;
				CLANG_WARN_ENUM_CONVERSION = YES;
				CLANG_WARN_INFINITE_RECURSION = YES;
				CLANG_WARN_INT_CONVERSION = YES;
				CLANG_WARN_NON_LITERAL_NULL_CONVERSION = YES;
				CLANG_WARN_OBJC_IMPLICIT_RETAIN_SELF = YES;
				CLANG_WARN_OBJC_LITERAL_CONVERSION = YES;
				CLANG_WARN_OBJC_ROOT_CLASS = YES_ERROR;
				CLANG_WARN_QUOTED_INCLUDE_IN_FRAMEWORK_HEADER = YES;
				CLANG_WARN_RANGE_LOOP_ANALYSIS = YES;
				CLANG_WARN_STRICT_PROTOTYPES = YES;
				CLANG_WARN_SUSPICIOUS_MOVE = YES;
				CLANG_WARN_UNGUARDED_AVAILABILITY = YES_AGGRESSIVE;
				CLANG_WARN_UNREACHABLE_CODE = YES;
				CLANG_WARN__DUPLICATE_METHOD_MATCH = YES;
				COPY_PHASE_STRIP = NO;
				DEBUG_INFORMATION_FORMAT = "dwarf-with-dsym";
				ENABLE_NS_ASSERTIONS = NO;
				ENABLE_STRICT_OBJC_MSGSEND = YES;
				GCC_C_LANGUAGE_STANDARD = gnu11;
				GCC_NO_COMMON_BLOCKS = YES;
				GCC_WARN_64_TO_32_BIT_CONVERSION = YES;
				GCC_WARN_ABOUT_RETURN_TYPE = YES_ERROR;
				GCC_WARN_UNDECLARED_SELECTOR = YES;
				GCC_WARN_UNINITIALIZED_AUTOS = YES_AGGRESSIVE;
				GCC_WARN_UNUSED_FUNCTION = YES;
				GCC_WARN_UNUSED_VARIABLE = YES;
				IPHONEOS_DEPLOYMENT_TARGET = 16.4;
				MTL_ENABLE_DEBUG_INFO = NO;
				MTL_FAST_MATH = YES;
				SDKROOT = iphoneos;
				SWIFT_COMPILATION_MODE = wholemodule;
				SWIFT_OPTIMIZATION_LEVEL = "-O";
				VALIDATE_PRODUCT = YES;
			};
			name = Release;
		};
		D463D47D2A419E4C00E37898 /* Debug */ = {
			isa = XCBuildConfiguration;
			baseConfigurationReference = 2478FB750B117ADCE77B7F61 /* Pods-Bunjang.debug.xcconfig */;
			buildSettings = {
				ASSETCATALOG_COMPILER_APPICON_NAME = AppIcon;
				ASSETCATALOG_COMPILER_GLOBAL_ACCENT_COLOR_NAME = AccentColor;
				CODE_SIGN_STYLE = Automatic;
				CURRENT_PROJECT_VERSION = 1;
				DEVELOPMENT_TEAM = 4MNTP64Q22;
				GENERATE_INFOPLIST_FILE = YES;
				INFOPLIST_FILE = Bunjang/Info.plist;
				INFOPLIST_KEY_UIApplicationSupportsIndirectInputEvents = YES;
				INFOPLIST_KEY_UILaunchStoryboardName = LaunchScreen;
				INFOPLIST_KEY_UISupportedInterfaceOrientations_iPad = "UIInterfaceOrientationPortrait UIInterfaceOrientationPortraitUpsideDown UIInterfaceOrientationLandscapeLeft UIInterfaceOrientationLandscapeRight";
				INFOPLIST_KEY_UISupportedInterfaceOrientations_iPhone = "UIInterfaceOrientationPortrait UIInterfaceOrientationLandscapeLeft UIInterfaceOrientationLandscapeRight";
				IPHONEOS_DEPLOYMENT_TARGET = 14.0;
				LD_RUNPATH_SEARCH_PATHS = (
					"$(inherited)",
					"@executable_path/Frameworks",
				);
				MARKETING_VERSION = 1.0;
				PRODUCT_BUNDLE_IDENTIFIER = ronick.Bunjang;
				PRODUCT_NAME = "$(TARGET_NAME)";
				SWIFT_EMIT_LOC_STRINGS = YES;
				SWIFT_VERSION = 5.0;
				TARGETED_DEVICE_FAMILY = "1,2";
			};
			name = Debug;
		};
		D463D47E2A419E4C00E37898 /* Release */ = {
			isa = XCBuildConfiguration;
			baseConfigurationReference = EBEE1FCA5068951E473C2627 /* Pods-Bunjang.release.xcconfig */;
			buildSettings = {
				ASSETCATALOG_COMPILER_APPICON_NAME = AppIcon;
				ASSETCATALOG_COMPILER_GLOBAL_ACCENT_COLOR_NAME = AccentColor;
				CODE_SIGN_STYLE = Automatic;
				CURRENT_PROJECT_VERSION = 1;
				DEVELOPMENT_TEAM = 4MNTP64Q22;
				GENERATE_INFOPLIST_FILE = YES;
				INFOPLIST_FILE = Bunjang/Info.plist;
				INFOPLIST_KEY_UIApplicationSupportsIndirectInputEvents = YES;
				INFOPLIST_KEY_UILaunchStoryboardName = LaunchScreen;
				INFOPLIST_KEY_UISupportedInterfaceOrientations_iPad = "UIInterfaceOrientationPortrait UIInterfaceOrientationPortraitUpsideDown UIInterfaceOrientationLandscapeLeft UIInterfaceOrientationLandscapeRight";
				INFOPLIST_KEY_UISupportedInterfaceOrientations_iPhone = "UIInterfaceOrientationPortrait UIInterfaceOrientationLandscapeLeft UIInterfaceOrientationLandscapeRight";
				IPHONEOS_DEPLOYMENT_TARGET = 14.0;
				LD_RUNPATH_SEARCH_PATHS = (
					"$(inherited)",
					"@executable_path/Frameworks",
				);
				MARKETING_VERSION = 1.0;
				PRODUCT_BUNDLE_IDENTIFIER = ronick.Bunjang;
				PRODUCT_NAME = "$(TARGET_NAME)";
				SWIFT_EMIT_LOC_STRINGS = YES;
				SWIFT_VERSION = 5.0;
				TARGETED_DEVICE_FAMILY = "1,2";
			};
			name = Release;
		};
/* End XCBuildConfiguration section */

/* Begin XCConfigurationList section */
		D463D4632A419E4B00E37898 /* Build configuration list for PBXProject "Bunjang" */ = {
			isa = XCConfigurationList;
			buildConfigurations = (
				D463D47A2A419E4C00E37898 /* Debug */,
				D463D47B2A419E4C00E37898 /* Release */,
			);
			defaultConfigurationIsVisible = 0;
			defaultConfigurationName = Release;
		};
		D463D47C2A419E4C00E37898 /* Build configuration list for PBXNativeTarget "Bunjang" */ = {
			isa = XCConfigurationList;
			buildConfigurations = (
				D463D47D2A419E4C00E37898 /* Debug */,
				D463D47E2A419E4C00E37898 /* Release */,
			);
			defaultConfigurationIsVisible = 0;
			defaultConfigurationName = Release;
		};
/* End XCConfigurationList section */
	};
	rootObject = D463D4602A419E4B00E37898 /* Project object */;
}
